
Microsoft Visual Studio Solution File, Format Version 12.00
# Visual Studio 15
VisualStudioVersion = 15.0.27428.2037
MinimumVisualStudioVersion = 10.0.40219.1
Project("{FAE04EC0-301F-11D3-BF4B-00C04F79EFBC}") = "TWaggonerExampleService", "TWaggonerExampleService\TWaggonerExampleService.csproj", "{EA8A90E6-BE46-406F-82BA-1BA333BF7B6F}"
EndProject
Global
	GlobalSection(SolutionConfigurationPlatforms) = preSolution
		Debug|Any CPU = Debug|Any CPU
		Release|Any CPU = Release|Any CPU
	EndGlobalSection
	GlobalSection(ProjectConfigurationPlatforms) = postSolution
		{EA8A90E6-BE46-406F-82BA-1BA333BF7B6F}.Debug|Any CPU.ActiveCfg = Debug|Any CPU
		{EA8A90E6-BE46-406F-82BA-1BA333BF7B6F}.Debug|Any CPU.Build.0 = Debug|Any CPU
		{EA8A90E6-BE46-406F-82BA-1BA333BF7B6F}.Release|Any CPU.ActiveCfg = Release|Any CPU
		{EA8A90E6-BE46-406F-82BA-1BA333BF7B6F}.Release|Any CPU.Build.0 = Release|Any CPU
	EndGlobalSection
	GlobalSection(SolutionProperties) = preSolution
		HideSolutionNode = FALSE
	EndGlobalSection
	GlobalSection(ExtensibilityGlobals) = postSolution
		SolutionGuid = {B78D9525-6533-48A0-89C2-88053E09C2CC}
	EndGlobalSection
EndGlobal
